<?xml version="1.0" encoding="utf-8"?>
<Project ToolsVersion="4.0" xmlns="http://schemas.microsoft.com/developer/msbuild/2003">
  <ItemGroup>
    <Filter Include="Source Files">
      <UniqueIdentifier>{4FC737F1-C7A5-4376-A066-2A32D752A2FF}</UniqueIdentifier>
      <Extensions>cpp;c;cc;cxx;def;odl;idl;hpj;bat;asm;asmx</Extensions>
    </Filter>
    <Filter Include="Header Files">
      <UniqueIdentifier>{93995380-89BD-4b04-88EB-625FBE52EBFB}</UniqueIdentifier>
      <Extensions>h;hpp;hxx;hm;inl;inc;xsd</Extensions>
    </Filter>
    <Filter Include="Resource Files">
      <UniqueIdentifier>{67DA6AB6-F800-4c08-8B7A-83BB121AAD01}</UniqueIdentifier>
      <Extensions>rc;ico;cur;bmp;dlg;rc2;rct;bin;rgs;gif;jpg;jpeg;jpe;resx;tiff;tif;png;wav;mfcribbon-ms</Extensions>
    </Filter>
    <Filter Include="Header Files\command">
      <UniqueIdentifier>{48fac18f-00fb-4178-936e-5bd7bd9cdc54}</UniqueIdentifier>
    </Filter>
    <Filter Include="Header Files\camera">
      <UniqueIdentifier>{585abea2-f9a9-4aa2-b5ad-01ee7552cfef}</UniqueIdentifier>
    </Filter>
    <Filter Include="Header Files\class">
      <UniqueIdentifier>{6c7d0785-4997-437f-80d6-c5db61426256}</UniqueIdentifier>
    </Filter>
    <Filter Include="Header Files\command\EVF">
      <UniqueIdentifier>{50e12340-c862-4110-abe9-c1808b4329b0}</UniqueIdentifier>
    </Filter>
    <Filter Include="Header Files\utils">
      <UniqueIdentifier>{a402002b-0955-4fca-b60c-f5462d507c27}</UniqueIdentifier>
    </Filter>
  </ItemGroup>
  <ItemGroup>
    <ClCompile Include="src\utils\CanonDict.cpp">
      <Filter>Source Files</Filter>
    </ClCompile>
    <ClCompile Include="src\Camera\CameraController.cpp">
      <Filter>Source Files</Filter>
    </ClCompile>
    <ClCompile Include="src\Camera\CameraEvent.cpp">
      <Filter>Source Files</Filter>
    </ClCompile>
    <ClCompile Include="src\Camera\CameraEventListener.cpp">
      <Filter>Source Files</Filter>
    </ClCompile>
    <ClCompile Include="src\Camera\CameraModel.cpp">
      <Filter>Source Files</Filter>
    </ClCompile>
    <ClCompile Include="src\Camera\CliProcessor.cpp">
      <Filter>Source Files</Filter>
    </ClCompile>
  </ItemGroup>
  <ItemGroup>
    <ClInclude Include="inc\Camera\CameraEvent.h">
      <Filter>Header Files\camera</Filter>
    </ClInclude>
    <ClInclude Include="inc\Camera\CameraEventListener.h">
      <Filter>Header Files\camera</Filter>
    </ClInclude>
    <ClInclude Include="inc\Camera\CameraModel.h">
      <Filter>Header Files\camera</Filter>
    </ClInclude>
    <ClInclude Include="inc\Camera\CameraModelLegacy.h">
      <Filter>Header Files\camera</Filter>
    </ClInclude>
    <ClInclude Include="inc\Camera\CliProcessor.h">
      <Filter>Header Files\camera</Filter>
    </ClInclude>
    <ClInclude Include="inc\Camera\CameraController.h">
      <Filter>Header Files\camera</Filter>
    </ClInclude>
    <ClInclude Include="inc\Class\ActionListener.h">
      <Filter>Header Files\class</Filter>
    </ClInclude>
    <ClInclude Include="inc\Class\ActionSource.h">
      <Filter>Header Files\class</Filter>
    </ClInclude>
    <ClInclude Include="inc\Class\Observer.h">
      <Filter>Header Files\class</Filter>
    </ClInclude>
    <ClInclude Include="inc\Class\Synchronized.h">
      <Filter>Header Files\class</Filter>
    </ClInclude>
    <ClInclude Include="inc\Class\Thread.h">
      <Filter>Header Files\class</Filter>
    </ClInclude>
    <ClInclude Include="inc\Class\ActionEvent.h">
      <Filter>Header Files\class</Filter>
    </ClInclude>
    <ClInclude Include="inc\Command\DownloadCommand.h">
      <Filter>Header Files\command</Filter>
    </ClInclude>
    <ClInclude Include="inc\Command\DownloadEvfCommand.h">
      <Filter>Header Files\command</Filter>
    </ClInclude>
    <ClInclude Include="inc\Command\DriveLensCommand.h">
      <Filter>Header Files\command</Filter>
    </ClInclude>
    <ClInclude Include="inc\Command\EndEvfCommand.h">
      <Filter>Header Files\command</Filter>
    </ClInclude>
    <ClInclude Include="inc\Command\GetPropertyCommand.h">
      <Filter>Header Files\command</Filter>
    </ClInclude>
    <ClInclude Include="inc\Command\GetPropertyDescCommand.h">
      <Filter>Header Files\command</Filter>
    </ClInclude>
    <ClInclude Include="inc\Command\NotifyCommand.h">
      <Filter>Header Files\command</Filter>
    </ClInclude>
    <ClInclude Include="inc\Command\OpenSessionCommand.h">
      <Filter>Header Files\command</Filter>
    </ClInclude>
    <ClInclude Include="inc\Command\PressShutterButtonCommand.h">
      <Filter>Header Files\command</Filter>
    </ClInclude>
    <ClInclude Include="inc\Command\SaveSettingCommand.h">
      <Filter>Header Files\command</Filter>
    </ClInclude>
    <ClInclude Include="inc\Command\SetCapacityCommand.h">
      <Filter>Header Files\command</Filter>
    </ClInclude>
    <ClInclude Include="inc\Command\SetPropertyCommand.h">
      <Filter>Header Files\command</Filter>
    </ClInclude>
    <ClInclude Include="inc\Command\StartEvfCommand.h">
      <Filter>Header Files\command</Filter>
    </ClInclude>
    <ClInclude Include="inc\Command\TakePictureCommand.h">
      <Filter>Header Files\command</Filter>
    </ClInclude>
    <ClInclude Include="inc\Command\CloseSessionCommand.h">
      <Filter>Header Files\command</Filter>
    </ClInclude>
    <ClInclude Include="inc\Command\Command.h">
      <Filter>Header Files\command</Filter>
    </ClInclude>
    <ClInclude Include="inc\Command\DoEvfAFCommand.h">
      <Filter>Header Files\command</Filter>
    </ClInclude>
    <ClInclude Include="inc\utils\CanonDict.h">
      <Filter>Header Files\utils</Filter>
    </ClInclude>
  </ItemGroup>
</Project>